
Microsoft Visual Studio Solution File, Format Version 12.00
# Visual Studio Version 16
VisualStudioVersion = 16.0.31025.194
MinimumVisualStudioVersion = 10.0.40219.1
Project("{FAE04EC0-301F-11D3-BF4B-00C04F79EFBC}") = "EnergyGen", "EnergyGen\EnergyGen.csproj", "{C4A1CBB1-60E0-43B9-98B5-2E6807A0E834}"
EndProject
Global
	GlobalSection(SolutionConfigurationPlatforms) = preSolution
		Debug|Any CPU = Debug|Any CPU
		Release|Any CPU = Release|Any CPU
	EndGlobalSection
	GlobalSection(ProjectConfigurationPlatforms) = postSolution
		{C4A1CBB1-60E0-43B9-98B5-2E6807A0E834}.Debug|Any CPU.ActiveCfg = Debug|Any CPU
		{C4A1CBB1-60E0-43B9-98B5-2E6807A0E834}.Debug|Any CPU.Build.0 = Debug|Any CPU
		{C4A1CBB1-60E0-43B9-98B5-2E6807A0E834}.Release|Any CPU.ActiveCfg = Release|Any CPU
		{C4A1CBB1-60E0-43B9-98B5-2E6807A0E834}.Release|Any CPU.Build.0 = Release|Any CPU
	EndGlobalSection
	GlobalSection(SolutionProperties) = preSolution
		HideSolutionNode = FALSE
	EndGlobalSection
	GlobalSection(ExtensibilityGlobals) = postSolution
		SolutionGuid = {481D824F-88F1-4095-9509-65AA22752E59}
	EndGlobalSection
EndGlobal
